// !$*UTF8*$!
{
	archiveVersion = 1;
	classes = {
	};
	objectVersion = 56;
	objects = {

/* Begin PBXBuildFile section */
		1E0E20A82B0E9A9D00FA1B3D /* HowToFormatTextIinsideTextViews.swift in Sources */ = {isa = PBXBuildFile; fileRef = 1E0E20A72B0E9A9D00FA1B3D /* HowToFormatTextIinsideTextViews.swift */; };
		1E204BA12B0FFC7200CBD082 /* HowToAddSpacingBetweenLettersInText.swift in Sources */ = {isa = PBXBuildFile; fileRef = 1E204BA02B0FFC7200CBD082 /* HowToAddSpacingBetweenLettersInText.swift */; };
		1E204BA32B100B9D00CBD082 /* HowToFormatDatesInsideTextViews.swift in Sources */ = {isa = PBXBuildFile; fileRef = 1E204BA22B100B9D00CBD082 /* HowToFormatDatesInsideTextViews.swift */; };
		1E204BA52B100D3A00CBD082 /* HowToMakeTextFieldUppercaseOrLowercaseUsingTextCase.swift in Sources */ = {isa = PBXBuildFile; fileRef = 1E204BA42B100D3A00CBD082 /* HowToMakeTextFieldUppercaseOrLowercaseUsingTextCase.swift */; };
		1E204BA72B1011D400CBD082 /* HowToShowTextAndAnIconSideBySideUsingLabel.swift in Sources */ = {isa = PBXBuildFile; fileRef = 1E204BA62B1011D400CBD082 /* HowToShowTextAndAnIconSideBySideUsingLabel.swift */; };
		1E4981852B10BF4C000E05FF /* HowToMarkContentAsPlaceholderusingRedacted.swift in Sources */ = {isa = PBXBuildFile; fileRef = 1E4981842B10BF4C000E05FF /* HowToMarkContentAsPlaceholderusingRedacted.swift */; };
		1E4981872B10C453000E05FF /* HowToMarkContentAsPrivateUsingPrivacySensitive.swift in Sources */ = {isa = PBXBuildFile; fileRef = 1E4981862B10C453000E05FF /* HowToMarkContentAsPrivateUsingPrivacySensitive.swift */; };
		1E4981892B110F10000E05FF /* HowToRenderMarkdownContentinText.swift in Sources */ = {isa = PBXBuildFile; fileRef = 1E4981882B110F10000E05FF /* HowToRenderMarkdownContentinText.swift */; };
		1E5B727F2B096AAC00DE68E9 /* HWSSwiftUIByExampleChapter03App.swift in Sources */ = {isa = PBXBuildFile; fileRef = 1E5B727E2B096AAC00DE68E9 /* HWSSwiftUIByExampleChapter03App.swift */; };
		1E5B72812B096AAC00DE68E9 /* HowAdjustTextAligmentUsingMultilineTextAligment.swift in Sources */ = {isa = PBXBuildFile; fileRef = 1E5B72802B096AAC00DE68E9 /* HowAdjustTextAligmentUsingMultilineTextAligment.swift */; };
		1E5B72832B096AAF00DE68E9 /* Assets.xcassets in Resources */ = {isa = PBXBuildFile; fileRef = 1E5B72822B096AAF00DE68E9 /* Assets.xcassets */; };
		1E5B72862B096AAF00DE68E9 /* Preview Assets.xcassets in Resources */ = {isa = PBXBuildFile; fileRef = 1E5B72852B096AAF00DE68E9 /* Preview Assets.xcassets */; };
		1E5B728D2B096AC000DE68E9 /* StringsSamplesView.swift in Sources */ = {isa = PBXBuildFile; fileRef = 1E5B728C2B096AC000DE68E9 /* StringsSamplesView.swift */; };
/* End PBXBuildFile section */

/* Begin PBXFileReference section */
		1E0E20A72B0E9A9D00FA1B3D /* HowToFormatTextIinsideTextViews.swift */ = {isa = PBXFileReference; lastKnownFileType = sourcecode.swift; path = HowToFormatTextIinsideTextViews.swift; sourceTree = "<group>"; };
		1E204BA02B0FFC7200CBD082 /* HowToAddSpacingBetweenLettersInText.swift */ = {isa = PBXFileReference; lastKnownFileType = sourcecode.swift; path = HowToAddSpacingBetweenLettersInText.swift; sourceTree = "<group>"; };
		1E204BA22B100B9D00CBD082 /* HowToFormatDatesInsideTextViews.swift */ = {isa = PBXFileReference; lastKnownFileType = sourcecode.swift; path = HowToFormatDatesInsideTextViews.swift; sourceTree = "<group>"; };
		1E204BA42B100D3A00CBD082 /* HowToMakeTextFieldUppercaseOrLowercaseUsingTextCase.swift */ = {isa = PBXFileReference; lastKnownFileType = sourcecode.swift; path = HowToMakeTextFieldUppercaseOrLowercaseUsingTextCase.swift; sourceTree = "<group>"; };
		1E204BA62B1011D400CBD082 /* HowToShowTextAndAnIconSideBySideUsingLabel.swift */ = {isa = PBXFileReference; lastKnownFileType = sourcecode.swift; path = HowToShowTextAndAnIconSideBySideUsingLabel.swift; sourceTree = "<group>"; };
		1E4981842B10BF4C000E05FF /* HowToMarkContentAsPlaceholderusingRedacted.swift */ = {isa = PBXFileReference; lastKnownFileType = sourcecode.swift; path = HowToMarkContentAsPlaceholderusingRedacted.swift; sourceTree = "<group>"; };
		1E4981862B10C453000E05FF /* HowToMarkContentAsPrivateUsingPrivacySensitive.swift */ = {isa = PBXFileReference; lastKnownFileType = sourcecode.swift; path = HowToMarkContentAsPrivateUsingPrivacySensitive.swift; sourceTree = "<group>"; };
		1E4981882B110F10000E05FF /* HowToRenderMarkdownContentinText.swift */ = {isa = PBXFileReference; lastKnownFileType = sourcecode.swift; path = HowToRenderMarkdownContentinText.swift; sourceTree = "<group>"; };
		1E5B727B2B096AAC00DE68E9 /* HWSSwiftUIByExampleChapter03.app */ = {isa = PBXFileReference; explicitFileType = wrapper.application; includeInIndex = 0; path = HWSSwiftUIByExampleChapter03.app; sourceTree = BUILT_PRODUCTS_DIR; };
		1E5B727E2B096AAC00DE68E9 /* HWSSwiftUIByExampleChapter03App.swift */ = {isa = PBXFileReference; lastKnownFileType = sourcecode.swift; path = HWSSwiftUIByExampleChapter03App.swift; sourceTree = "<group>"; };
		1E5B72802B096AAC00DE68E9 /* HowAdjustTextAligmentUsingMultilineTextAligment.swift */ = {isa = PBXFileReference; lastKnownFileType = sourcecode.swift; path = HowAdjustTextAligmentUsingMultilineTextAligment.swift; sourceTree = "<group>"; };
		1E5B72822B096AAF00DE68E9 /* Assets.xcassets */ = {isa = PBXFileReference; lastKnownFileType = folder.assetcatalog; path = Assets.xcassets; sourceTree = "<group>"; };
		1E5B72852B096AAF00DE68E9 /* Preview Assets.xcassets */ = {isa = PBXFileReference; lastKnownFileType = folder.assetcatalog; path = "Preview Assets.xcassets"; sourceTree = "<group>"; };
		1E5B728C2B096AC000DE68E9 /* StringsSamplesView.swift */ = {isa = PBXFileReference; fileEncoding = 4; lastKnownFileType = sourcecode.swift; path = StringsSamplesView.swift; sourceTree = "<group>"; };
/* End PBXFileReference section */

/* Begin PBXFrameworksBuildPhase section */
		1E5B72782B096AAC00DE68E9 /* Frameworks */ = {
			isa = PBXFrameworksBuildPhase;
			buildActionMask = 2147483647;
			files = (
			);
			runOnlyForDeploymentPostprocessing = 0;
		};
/* End PBXFrameworksBuildPhase section */

/* Begin PBXGroup section */
		1E5B72722B096AAC00DE68E9 = {
			isa = PBXGroup;
			children = (
				1E5B727D2B096AAC00DE68E9 /* HWSSwiftUIByExampleChapter03 */,
				1E5B727C2B096AAC00DE68E9 /* Products */,
			);
			sourceTree = "<group>";
		};
		1E5B727C2B096AAC00DE68E9 /* Products */ = {
			isa = PBXGroup;
			children = (
				1E5B727B2B096AAC00DE68E9 /* HWSSwiftUIByExampleChapter03.app */,
			);
			name = Products;
			sourceTree = "<group>";
		};
		1E5B727D2B096AAC00DE68E9 /* HWSSwiftUIByExampleChapter03 */ = {
			isa = PBXGroup;
			children = (
				1E5B727E2B096AAC00DE68E9 /* HWSSwiftUIByExampleChapter03App.swift */,
				1E5B72802B096AAC00DE68E9 /* HowAdjustTextAligmentUsingMultilineTextAligment.swift */,
				1E5B728C2B096AC000DE68E9 /* StringsSamplesView.swift */,
				1E0E20A72B0E9A9D00FA1B3D /* HowToFormatTextIinsideTextViews.swift */,
				1E204BA02B0FFC7200CBD082 /* HowToAddSpacingBetweenLettersInText.swift */,
				1E204BA22B100B9D00CBD082 /* HowToFormatDatesInsideTextViews.swift */,
				1E204BA42B100D3A00CBD082 /* HowToMakeTextFieldUppercaseOrLowercaseUsingTextCase.swift */,
				1E204BA62B1011D400CBD082 /* HowToShowTextAndAnIconSideBySideUsingLabel.swift */,
				1E4981842B10BF4C000E05FF /* HowToMarkContentAsPlaceholderusingRedacted.swift */,
				1E4981862B10C453000E05FF /* HowToMarkContentAsPrivateUsingPrivacySensitive.swift */,
				1E4981882B110F10000E05FF /* HowToRenderMarkdownContentinText.swift */,
				1E5B72822B096AAF00DE68E9 /* Assets.xcassets */,
				1E5B72842B096AAF00DE68E9 /* Preview Content */,
			);
			path = HWSSwiftUIByExampleChapter03;
			sourceTree = "<group>";
		};
		1E5B72842B096AAF00DE68E9 /* Preview Content */ = {
			isa = PBXGroup;
			children = (
				1E5B72852B096AAF00DE68E9 /* Preview Assets.xcassets */,
			);
			path = "Preview Content";
			sourceTree = "<group>";
		};
/* End PBXGroup section */

/* Begin PBXNativeTarget section */
		1E5B727A2B096AAC00DE68E9 /* HWSSwiftUIByExampleChapter03 */ = {
			isa = PBXNativeTarget;
			buildConfigurationList = 1E5B72892B096AAF00DE68E9 /* Build configuration list for PBXNativeTarget "HWSSwiftUIByExampleChapter03" */;
			buildPhases = (
				1E5B72772B096AAC00DE68E9 /* Sources */,
				1E5B72782B096AAC00DE68E9 /* Frameworks */,
				1E5B72792B096AAC00DE68E9 /* Resources */,
			);
			buildRules = (
			);
			dependencies = (
			);
			name = HWSSwiftUIByExampleChapter03;
			productName = HWSSwiftUIByExampleChapter03;
			productReference = 1E5B727B2B096AAC00DE68E9 /* HWSSwiftUIByExampleChapter03.app */;
			productType = "com.apple.product-type.application";
		};
/* End PBXNativeTarget section */

/* Begin PBXProject section */
		1E5B72732B096AAC00DE68E9 /* Project object */ = {
			isa = PBXProject;
			attributes = {
				BuildIndependentTargetsInParallel = 1;
				LastSwiftUpdateCheck = 1500;
				LastUpgradeCheck = 1500;
				TargetAttributes = {
					1E5B727A2B096AAC00DE68E9 = {
						CreatedOnToolsVersion = 15.0.1;
					};
				};
			};
			buildConfigurationList = 1E5B72762B096AAC00DE68E9 /* Build configuration list for PBXProject "HWSSwiftUIByExampleChapter03" */;
			compatibilityVersion = "Xcode 14.0";
			developmentRegion = en;
			hasScannedForEncodings = 0;
			knownRegions = (
				en,
				Base,
			);
			mainGroup = 1E5B72722B096AAC00DE68E9;
			productRefGroup = 1E5B727C2B096AAC00DE68E9 /* Products */;
			projectDirPath = "";
			projectRoot = "";
			targets = (
				1E5B727A2B096AAC00DE68E9 /* HWSSwiftUIByExampleChapter03 */,
			);
		};
/* End PBXProject section */

/* Begin PBXResourcesBuildPhase section */
		1E5B72792B096AAC00DE68E9 /* Resources */ = {
			isa = PBXResourcesBuildPhase;
			buildActionMask = 2147483647;
			files = (
				1E5B72862B096AAF00DE68E9 /* Preview Assets.xcassets in Resources */,
				1E5B72832B096AAF00DE68E9 /* Assets.xcassets in Resources */,
			);
			runOnlyForDeploymentPostprocessing = 0;
		};
/* End PBXResourcesBuildPhase section */

/* Begin PBXSourcesBuildPhase section */
		1E5B72772B096AAC00DE68E9 /* Sources */ = {
			isa = PBXSourcesBuildPhase;
			buildActionMask = 2147483647;
			files = (
				1E204BA72B1011D400CBD082 /* HowToShowTextAndAnIconSideBySideUsingLabel.swift in Sources */,
				1E5B72812B096AAC00DE68E9 /* HowAdjustTextAligmentUsingMultilineTextAligment.swift in Sources */,
				1E5B728D2B096AC000DE68E9 /* StringsSamplesView.swift in Sources */,
				1E4981872B10C453000E05FF /* HowToMarkContentAsPrivateUsingPrivacySensitive.swift in Sources */,
				1E204BA12B0FFC7200CBD082 /* HowToAddSpacingBetweenLettersInText.swift in Sources */,
				1E5B727F2B096AAC00DE68E9 /* HWSSwiftUIByExampleChapter03App.swift in Sources */,
				1E204BA52B100D3A00CBD082 /* HowToMakeTextFieldUppercaseOrLowercaseUsingTextCase.swift in Sources */,
				1E4981852B10BF4C000E05FF /* HowToMarkContentAsPlaceholderusingRedacted.swift in Sources */,
				1E204BA32B100B9D00CBD082 /* HowToFormatDatesInsideTextViews.swift in Sources */,
				1E4981892B110F10000E05FF /* HowToRenderMarkdownContentinText.swift in Sources */,
				1E0E20A82B0E9A9D00FA1B3D /* HowToFormatTextIinsideTextViews.swift in Sources */,
			);
			runOnlyForDeploymentPostprocessing = 0;
		};
/* End PBXSourcesBuildPhase section */

/* Begin XCBuildConfiguration section */
		1E5B72872B096AAF00DE68E9 /* Debug */ = {
			isa = XCBuildConfiguration;
			buildSettings = {
				ALWAYS_SEARCH_USER_PATHS = NO;
				ASSETCATALOG_COMPILER_GENERATE_SWIFT_ASSET_SYMBOL_EXTENSIONS = YES;
				CLANG_ANALYZER_NONNULL = YES;
				CLANG_ANALYZER_NUMBER_OBJECT_CONVERSION = YES_AGGRESSIVE;
				CLANG_CXX_LANGUAGE_STANDARD = "gnu++20";
				CLANG_ENABLE_MODULES = YES;
				CLANG_ENABLE_OBJC_ARC = YES;
				CLANG_ENABLE_OBJC_WEAK = YES;
				CLANG_WARN_BLOCK_CAPTURE_AUTORELEASING = YES;
				CLANG_WARN_BOOL_CONVERSION = YES;
				CLANG_WARN_COMMA = YES;
				CLANG_WARN_CONSTANT_CONVERSION = YES;
				CLANG_WARN_DEPRECATED_OBJC_IMPLEMENTATIONS = YES;
				CLANG_WARN_DIRECT_OBJC_ISA_USAGE = YES_ERROR;
				CLANG_WARN_DOCUMENTATION_COMMENTS = YES;
				CLANG_WARN_EMPTY_BODY = YES;
				CLANG_WARN_ENUM_CONVERSION = YES;
				CLANG_WARN_INFINITE_RECURSION = YES;
				CLANG_WARN_INT_CONVERSION = YES;
				CLANG_WARN_NON_LITERAL_NULL_CONVERSION = YES;
				CLANG_WARN_OBJC_IMPLICIT_RETAIN_SELF = YES;
				CLANG_WARN_OBJC_LITERAL_CONVERSION = YES;
				CLANG_WARN_OBJC_ROOT_CLASS = YES_ERROR;
				CLANG_WARN_QUOTED_INCLUDE_IN_FRAMEWORK_HEADER = YES;
				CLANG_WARN_RANGE_LOOP_ANALYSIS = YES;
				CLANG_WARN_STRICT_PROTOTYPES = YES;
				CLANG_WARN_SUSPICIOUS_MOVE = YES;
				CLANG_WARN_UNGUARDED_AVAILABILITY = YES_AGGRESSIVE;
				CLANG_WARN_UNREACHABLE_CODE = YES;
				CLANG_WARN__DUPLICATE_METHOD_MATCH = YES;
				COPY_PHASE_STRIP = NO;
				DEBUG_INFORMATION_FORMAT = dwarf;
				ENABLE_STRICT_OBJC_MSGSEND = YES;
				ENABLE_TESTABILITY = YES;
				ENABLE_USER_SCRIPT_SANDBOXING = YES;
				GCC_C_LANGUAGE_STANDARD = gnu17;
				GCC_DYNAMIC_NO_PIC = NO;
				GCC_NO_COMMON_BLOCKS = YES;
				GCC_OPTIMIZATION_LEVEL = 0;
				GCC_PREPROCESSOR_DEFINITIONS = (
					"DEBUG=1",
					"$(inherited)",
				);
				GCC_WARN_64_TO_32_BIT_CONVERSION = YES;
				GCC_WARN_ABOUT_RETURN_TYPE = YES_ERROR;
				GCC_WARN_UNDECLARED_SELECTOR = YES;
				GCC_WARN_UNINITIALIZED_AUTOS = YES_AGGRESSIVE;
				GCC_WARN_UNUSED_FUNCTION = YES;
				GCC_WARN_UNUSED_VARIABLE = YES;
				IPHONEOS_DEPLOYMENT_TARGET = 17.0;
				LOCALIZATION_PREFERS_STRING_CATALOGS = YES;
				MTL_ENABLE_DEBUG_INFO = INCLUDE_SOURCE;
				MTL_FAST_MATH = YES;
				ONLY_ACTIVE_ARCH = YES;
				SDKROOT = iphoneos;
				SWIFT_ACTIVE_COMPILATION_CONDITIONS = "DEBUG $(inherited)";
				SWIFT_OPTIMIZATION_LEVEL = "-Onone";
			};
			name = Debug;
		};
		1E5B72882B096AAF00DE68E9 /* Release */ = {
			isa = XCBuildConfiguration;
			buildSettings = {
				ALWAYS_SEARCH_USER_PATHS = NO;
				ASSETCATALOG_COMPILER_GENERATE_SWIFT_ASSET_SYMBOL_EXTENSIONS = YES;
				CLANG_ANALYZER_NONNULL = YES;
				CLANG_ANALYZER_NUMBER_OBJECT_CONVERSION = YES_AGGRESSIVE;
				CLANG_CXX_LANGUAGE_STANDARD = "gnu++20";
				CLANG_ENABLE_MODULES = YES;
				CLANG_ENABLE_OBJC_ARC = YES;
				CLANG_ENABLE_OBJC_WEAK = YES;
				CLANG_WARN_BLOCK_CAPTURE_AUTORELEASING = YES;
				CLANG_WARN_BOOL_CONVERSION = YES;
				CLANG_WARN_COMMA = YES;
				CLANG_WARN_CONSTANT_CONVERSION = YES;
				CLANG_WARN_DEPRECATED_OBJC_IMPLEMENTATIONS = YES;
				CLANG_WARN_DIRECT_OBJC_ISA_USAGE = YES_ERROR;
				CLANG_WARN_DOCUMENTATION_COMMENTS = YES;
				CLANG_WARN_EMPTY_BODY = YES;
				CLANG_WARN_ENUM_CONVERSION = YES;
				CLANG_WARN_INFINITE_RECURSION = YES;
				CLANG_WARN_INT_CONVERSION = YES;
				CLANG_WARN_NON_LITERAL_NULL_CONVERSION = YES;
				CLANG_WARN_OBJC_IMPLICIT_RETAIN_SELF = YES;
				CLANG_WARN_OBJC_LITERAL_CONVERSION = YES;
				CLANG_WARN_OBJC_ROOT_CLASS = YES_ERROR;
				CLANG_WARN_QUOTED_INCLUDE_IN_FRAMEWORK_HEADER = YES;
				CLANG_WARN_RANGE_LOOP_ANALYSIS = YES;
				CLANG_WARN_STRICT_PROTOTYPES = YES;
				CLANG_WARN_SUSPICIOUS_MOVE = YES;
				CLANG_WARN_UNGUARDED_AVAILABILITY = YES_AGGRESSIVE;
				CLANG_WARN_UNREACHABLE_CODE = YES;
				CLANG_WARN__DUPLICATE_METHOD_MATCH = YES;
				COPY_PHASE_STRIP = NO;
				DEBUG_INFORMATION_FORMAT = "dwarf-with-dsym";
				ENABLE_NS_ASSERTIONS = NO;
				ENABLE_STRICT_OBJC_MSGSEND = YES;
				ENABLE_USER_SCRIPT_SANDBOXING = YES;
				GCC_C_LANGUAGE_STANDARD = gnu17;
				GCC_NO_COMMON_BLOCKS = YES;
				GCC_WARN_64_TO_32_BIT_CONVERSION = YES;
				GCC_WARN_ABOUT_RETURN_TYPE = YES_ERROR;
				GCC_WARN_UNDECLARED_SELECTOR = YES;
				GCC_WARN_UNINITIALIZED_AUTOS = YES_AGGRESSIVE;
				GCC_WARN_UNUSED_FUNCTION = YES;
				GCC_WARN_UNUSED_VARIABLE = YES;
				IPHONEOS_DEPLOYMENT_TARGET = 17.0;
				LOCALIZATION_PREFERS_STRING_CATALOGS = YES;
				MTL_ENABLE_DEBUG_INFO = NO;
				MTL_FAST_MATH = YES;
				SDKROOT = iphoneos;
				SWIFT_COMPILATION_MODE = wholemodule;
				VALIDATE_PRODUCT = YES;
			};
			name = Release;
		};
		1E5B728A2B096AAF00DE68E9 /* Debug */ = {
			isa = XCBuildConfiguration;
			buildSettings = {
				ASSETCATALOG_COMPILER_APPICON_NAME = AppIcon;
				ASSETCATALOG_COMPILER_GLOBAL_ACCENT_COLOR_NAME = AccentColor;
				CODE_SIGN_STYLE = Automatic;
				CURRENT_PROJECT_VERSION = 1;
				DEVELOPMENT_ASSET_PATHS = "\"HWSSwiftUIByExampleChapter03/Preview Content\"";
				DEVELOPMENT_TEAM = SD9543ZPA4;
				ENABLE_PREVIEWS = YES;
				GENERATE_INFOPLIST_FILE = YES;
				INFOPLIST_KEY_UIApplicationSceneManifest_Generation = YES;
				INFOPLIST_KEY_UIApplicationSupportsIndirectInputEvents = YES;
				INFOPLIST_KEY_UILaunchScreen_Generation = YES;
				INFOPLIST_KEY_UISupportedInterfaceOrientations_iPad = "UIInterfaceOrientationPortrait UIInterfaceOrientationPortraitUpsideDown UIInterfaceOrientationLandscapeLeft UIInterfaceOrientationLandscapeRight";
				INFOPLIST_KEY_UISupportedInterfaceOrientations_iPhone = "UIInterfaceOrientationPortrait UIInterfaceOrientationLandscapeLeft UIInterfaceOrientationLandscapeRight";
				LD_RUNPATH_SEARCH_PATHS = (
					"$(inherited)",
					"@executable_path/Frameworks",
				);
				MARKETING_VERSION = 1.0;
				PRODUCT_BUNDLE_IDENTIFIER = itlabs.tec.br.HWSSwiftUIByExampleChapter03;
				PRODUCT_NAME = "$(TARGET_NAME)";
				SWIFT_EMIT_LOC_STRINGS = YES;
				SWIFT_VERSION = 5.0;
				TARGETED_DEVICE_FAMILY = "1,2";
			};
			name = Debug;
		};
		1E5B728B2B096AAF00DE68E9 /* Release */ = {
			isa = XCBuildConfiguration;
			buildSettings = {
				ASSETCATALOG_COMPILER_APPICON_NAME = AppIcon;
				ASSETCATALOG_COMPILER_GLOBAL_ACCENT_COLOR_NAME = AccentColor;
				CODE_SIGN_STYLE = Automatic;
				CURRENT_PROJECT_VERSION = 1;
				DEVELOPMENT_ASSET_PATHS = "\"HWSSwiftUIByExampleChapter03/Preview Content\"";
				DEVELOPMENT_TEAM = SD9543ZPA4;
				ENABLE_PREVIEWS = YES;
				GENERATE_INFOPLIST_FILE = YES;
				INFOPLIST_KEY_UIApplicationSceneManifest_Generation = YES;
				INFOPLIST_KEY_UIApplicationSupportsIndirectInputEvents = YES;
				INFOPLIST_KEY_UILaunchScreen_Generation = YES;
				INFOPLIST_KEY_UISupportedInterfaceOrientations_iPad = "UIInterfaceOrientationPortrait UIInterfaceOrientationPortraitUpsideDown UIInterfaceOrientationLandscapeLeft UIInterfaceOrientationLandscapeRight";
				INFOPLIST_KEY_UISupportedInterfaceOrientations_iPhone = "UIInterfaceOrientationPortrait UIInterfaceOrientationLandscapeLeft UIInterfaceOrientationLandscapeRight";
				LD_RUNPATH_SEARCH_PATHS = (
					"$(inherited)",
					"@executable_path/Frameworks",
				);
				MARKETING_VERSION = 1.0;
				PRODUCT_BUNDLE_IDENTIFIER = itlabs.tec.br.HWSSwiftUIByExampleChapter03;
				PRODUCT_NAME = "$(TARGET_NAME)";
				SWIFT_EMIT_LOC_STRINGS = YES;
				SWIFT_VERSION = 5.0;
				TARGETED_DEVICE_FAMILY = "1,2";
			};
			name = Release;
		};
/* End XCBuildConfiguration section */

/* Begin XCConfigurationList section */
		1E5B72762B096AAC00DE68E9 /* Build configuration list for PBXProject "HWSSwiftUIByExampleChapter03" */ = {
			isa = XCConfigurationList;
			buildConfigurations = (
				1E5B72872B096AAF00DE68E9 /* Debug */,
				1E5B72882B096AAF00DE68E9 /* Release */,
			);
			defaultConfigurationIsVisible = 0;
			defaultConfigurationName = Release;
		};
		1E5B72892B096AAF00DE68E9 /* Build configuration list for PBXNativeTarget "HWSSwiftUIByExampleChapter03" */ = {
			isa = XCConfigurationList;
			buildConfigurations = (
				1E5B728A2B096AAF00DE68E9 /* Debug */,
				1E5B728B2B096AAF00DE68E9 /* Release */,
			);
			defaultConfigurationIsVisible = 0;
			defaultConfigurationName = Release;
		};
/* End XCConfigurationList section */
	};
	rootObject = 1E5B72732B096AAC00DE68E9 /* Project object */;
}
